
Microsoft Visual Studio Solution File, Format Version 12.00
# Visual Studio 15
Project("{FAE04EC0-301F-11D3-BF4B-00C04F79EFBC}") = "WTTest", "WTTest\WTTest.csproj", "{7620903A-BB1B-4C55-B7A9-893E836BC70C}"
EndProject
Project("{FAE04EC0-301F-11D3-BF4B-00C04F79EFBC}") = "SDKBinding", "..\SDKBinding\SDKBinding\SDKBinding.csproj", "{E411CDA5-4367-4534-9B94-CC3E5C0DA68D}"
EndProject
Global
	GlobalSection(SolutionConfigurationPlatforms) = preSolution
		Debug|Any CPU = Debug|Any CPU
		Release|Any CPU = Release|Any CPU
	EndGlobalSection
	GlobalSection(ProjectConfigurationPlatforms) = postSolution
		{7620903A-BB1B-4C55-B7A9-893E836BC70C}.Debug|Any CPU.ActiveCfg = Debug|Any CPU
		{7620903A-BB1B-4C55-B7A9-893E836BC70C}.Debug|Any CPU.Build.0 = Debug|Any CPU
		{7620903A-BB1B-4C55-B7A9-893E836BC70C}.Release|Any CPU.ActiveCfg = Release|Any CPU
		{7620903A-BB1B-4C55-B7A9-893E836BC70C}.Release|Any CPU.Build.0 = Release|Any CPU
		{E411CDA5-4367-4534-9B94-CC3E5C0DA68D}.Debug|Any CPU.ActiveCfg = Debug|Any CPU
		{E411CDA5-4367-4534-9B94-CC3E5C0DA68D}.Debug|Any CPU.Build.0 = Debug|Any CPU
		{E411CDA5-4367-4534-9B94-CC3E5C0DA68D}.Release|Any CPU.ActiveCfg = Release|Any CPU
		{E411CDA5-4367-4534-9B94-CC3E5C0DA68D}.Release|Any CPU.Build.0 = Release|Any CPU
	EndGlobalSection
EndGlobal
